
Microsoft Visual Studio Solution File, Format Version 12.00
# Visual Studio 14
VisualStudioVersion = 14.0.25123.0
MinimumVisualStudioVersion = 10.0.40219.1
Project("{F184B08F-C81C-45F6-A57F-5ABD9991F28F}") = "FormClasses", "FormClasses\FormClasses.vbproj", "{3D6869C0-E606-4A8D-9E93-6D2F041644BF}"
EndProject
Project("{F184B08F-C81C-45F6-A57F-5ABD9991F28F}") = "PersonClasses", "PersonClasses\PersonClasses.vbproj", "{E58AFD1D-80FE-4136-96AA-A23D02C47926}"
EndProject
Project("{F184B08F-C81C-45F6-A57F-5ABD9991F28F}") = "Prog3GUI", "Prog3GUI\Prog3GUI.vbproj", "{29CF1DD4-73C1-43E4-8F01-E0051BDA17E9}"
EndProject
Global
	GlobalSection(SolutionConfigurationPlatforms) = preSolution
		Debug|Any CPU = Debug|Any CPU
		Release|Any CPU = Release|Any CPU
	EndGlobalSection
	GlobalSection(ProjectConfigurationPlatforms) = postSolution
		{3D6869C0-E606-4A8D-9E93-6D2F041644BF}.Debug|Any CPU.ActiveCfg = Debug|Any CPU
		{3D6869C0-E606-4A8D-9E93-6D2F041644BF}.Debug|Any CPU.Build.0 = Debug|Any CPU
		{3D6869C0-E606-4A8D-9E93-6D2F041644BF}.Release|Any CPU.ActiveCfg = Release|Any CPU
		{3D6869C0-E606-4A8D-9E93-6D2F041644BF}.Release|Any CPU.Build.0 = Release|Any CPU
		{E58AFD1D-80FE-4136-96AA-A23D02C47926}.Debug|Any CPU.ActiveCfg = Debug|Any CPU
		{E58AFD1D-80FE-4136-96AA-A23D02C47926}.Debug|Any CPU.Build.0 = Debug|Any CPU
		{E58AFD1D-80FE-4136-96AA-A23D02C47926}.Release|Any CPU.ActiveCfg = Release|Any CPU
		{E58AFD1D-80FE-4136-96AA-A23D02C47926}.Release|Any CPU.Build.0 = Release|Any CPU
		{29CF1DD4-73C1-43E4-8F01-E0051BDA17E9}.Debug|Any CPU.ActiveCfg = Debug|Any CPU
		{29CF1DD4-73C1-43E4-8F01-E0051BDA17E9}.Debug|Any CPU.Build.0 = Debug|Any CPU
		{29CF1DD4-73C1-43E4-8F01-E0051BDA17E9}.Release|Any CPU.ActiveCfg = Release|Any CPU
		{29CF1DD4-73C1-43E4-8F01-E0051BDA17E9}.Release|Any CPU.Build.0 = Release|Any CPU
	EndGlobalSection
	GlobalSection(SolutionProperties) = preSolution
		HideSolutionNode = FALSE
	EndGlobalSection
EndGlobal
