
Microsoft Visual Studio Solution File, Format Version 12.00
# Visual Studio 14
VisualStudioVersion = 14.0.25123.0
MinimumVisualStudioVersion = 10.0.40219.1
Project("{F184B08F-C81C-45F6-A57F-5ABD9991F28F}") = "DatabaseClass", "DatabaseClass\DatabaseClass.vbproj", "{F9542EFB-A3DA-4C64-BB28-1B6FB14D1AF1}"
EndProject
Project("{F184B08F-C81C-45F6-A57F-5ABD9991F28F}") = "ReaderWriterClasses", "ReaderWriterClasses\ReaderWriterClasses.vbproj", "{CB0C1989-417C-46B2-8AB5-6B2B10C8DB54}"
EndProject
Project("{F184B08F-C81C-45F6-A57F-5ABD9991F28F}") = "Prog5GUI", "Prog5GUI\Prog5GUI.vbproj", "{2E5923E8-0582-46F4-92AA-D39CDB89A3C5}"
EndProject
Global
	GlobalSection(SolutionConfigurationPlatforms) = preSolution
		Debug|Any CPU = Debug|Any CPU
		Release|Any CPU = Release|Any CPU
	EndGlobalSection
	GlobalSection(ProjectConfigurationPlatforms) = postSolution
		{F9542EFB-A3DA-4C64-BB28-1B6FB14D1AF1}.Debug|Any CPU.ActiveCfg = Debug|Any CPU
		{F9542EFB-A3DA-4C64-BB28-1B6FB14D1AF1}.Debug|Any CPU.Build.0 = Debug|Any CPU
		{F9542EFB-A3DA-4C64-BB28-1B6FB14D1AF1}.Release|Any CPU.ActiveCfg = Release|Any CPU
		{F9542EFB-A3DA-4C64-BB28-1B6FB14D1AF1}.Release|Any CPU.Build.0 = Release|Any CPU
		{CB0C1989-417C-46B2-8AB5-6B2B10C8DB54}.Debug|Any CPU.ActiveCfg = Debug|Any CPU
		{CB0C1989-417C-46B2-8AB5-6B2B10C8DB54}.Debug|Any CPU.Build.0 = Debug|Any CPU
		{CB0C1989-417C-46B2-8AB5-6B2B10C8DB54}.Release|Any CPU.ActiveCfg = Release|Any CPU
		{CB0C1989-417C-46B2-8AB5-6B2B10C8DB54}.Release|Any CPU.Build.0 = Release|Any CPU
		{2E5923E8-0582-46F4-92AA-D39CDB89A3C5}.Debug|Any CPU.ActiveCfg = Debug|Any CPU
		{2E5923E8-0582-46F4-92AA-D39CDB89A3C5}.Debug|Any CPU.Build.0 = Debug|Any CPU
		{2E5923E8-0582-46F4-92AA-D39CDB89A3C5}.Release|Any CPU.ActiveCfg = Release|Any CPU
		{2E5923E8-0582-46F4-92AA-D39CDB89A3C5}.Release|Any CPU.Build.0 = Release|Any CPU
	EndGlobalSection
	GlobalSection(SolutionProperties) = preSolution
		HideSolutionNode = FALSE
	EndGlobalSection
EndGlobal
